// !$*UTF8*$!
{
	archiveVersion = 1;
	classes = {
	};
	objectVersion = 46;
	objects = {

/* Begin PBXBuildFile section */
		76F79ACD1B787D1F00B5D5EF /* main.m in Sources */ = {isa = PBXBuildFile; fileRef = 76F79ACC1B787D1F00B5D5EF /* main.m */; };
		76F79AD01B787D1F00B5D5EF /* AppDelegate.m in Sources */ = {isa = PBXBuildFile; fileRef = 76F79ACF1B787D1F00B5D5EF /* AppDelegate.m */; };
		76F79AD81B787D1F00B5D5EF /* Images.xcassets in Resources */ = {isa = PBXBuildFile; fileRef = 76F79AD71B787D1F00B5D5EF /* Images.xcassets */; };
		76F79ADB1B787D1F00B5D5EF /* LaunchScreen.xib in Resources */ = {isa = PBXBuildFile; fileRef = 76F79AD91B787D1F00B5D5EF /* LaunchScreen.xib */; };
		76F79AE71B787D1F00B5D5EF /* TENBoundsTests.m in Sources */ = {isa = PBXBuildFile; fileRef = 76F79AE61B787D1F00B5D5EF /* TENBoundsTests.m */; };
		76F79D191B787FD600B5D5EF /* UIViewController+TENExtensions.m in Sources */ = {isa = PBXBuildFile; fileRef = 76F79C521B787FD600B5D5EF /* UIViewController+TENExtensions.m */; };
		76F79D1A1B787FD600B5D5EF /* UIWindow+TENExtensions.m in Sources */ = {isa = PBXBuildFile; fileRef = 76F79C551B787FD600B5D5EF /* UIWindow+TENExtensions.m */; };
		76F79D4A1B787FD600B5D5EF /* TENMacro.m in Sources */ = {isa = PBXBuildFile; fileRef = 76F79CE21B787FD600B5D5EF /* TENMacro.m */; };
		76F79D611B78815100B5D5EF /* TENBoundsViewController.m in Sources */ = {isa = PBXBuildFile; fileRef = 76F79D5F1B78815100B5D5EF /* TENBoundsViewController.m */; };
		76F79D621B78815100B5D5EF /* TENBoundsViewController.xib in Resources */ = {isa = PBXBuildFile; fileRef = 76F79D601B78815100B5D5EF /* TENBoundsViewController.xib */; };
		76F79D671B788F6700B5D5EF /* TENPictureViewController.m in Sources */ = {isa = PBXBuildFile; fileRef = 76F79D651B788F6700B5D5EF /* TENPictureViewController.m */; };
		76F79D681B788F6700B5D5EF /* TENPictureViewController.xib in Resources */ = {isa = PBXBuildFile; fileRef = 76F79D661B788F6700B5D5EF /* TENPictureViewController.xib */; };
		76F79D6A1B78946F00B5D5EF /* map.jpg in Resources */ = {isa = PBXBuildFile; fileRef = 76F79D691B78946F00B5D5EF /* map.jpg */; };
		76F79D6F1B78CFFA00B5D5EF /* TENConstraintsViewController.m in Sources */ = {isa = PBXBuildFile; fileRef = 76F79D6D1B78CFFA00B5D5EF /* TENConstraintsViewController.m */; };
		76F79D701B78CFFA00B5D5EF /* TENConstraintsViewController.xib in Resources */ = {isa = PBXBuildFile; fileRef = 76F79D6E1B78CFFA00B5D5EF /* TENConstraintsViewController.xib */; };
/* End PBXBuildFile section */

/* Begin PBXContainerItemProxy section */
		76F79AE11B787D1F00B5D5EF /* PBXContainerItemProxy */ = {
			isa = PBXContainerItemProxy;
			containerPortal = 76F79ABF1B787D1F00B5D5EF /* Project object */;
			proxyType = 1;
			remoteGlobalIDString = 76F79AC61B787D1F00B5D5EF;
			remoteInfo = TENBounds;
		};
/* End PBXContainerItemProxy section */

/* Begin PBXFileReference section */
		76F79AC71B787D1F00B5D5EF /* TENBounds.app */ = {isa = PBXFileReference; explicitFileType = wrapper.application; includeInIndex = 0; path = TENBounds.app; sourceTree = BUILT_PRODUCTS_DIR; };
		76F79ACB1B787D1F00B5D5EF /* Info.plist */ = {isa = PBXFileReference; lastKnownFileType = text.plist.xml; path = Info.plist; sourceTree = "<group>"; };
		76F79ACC1B787D1F00B5D5EF /* main.m */ = {isa = PBXFileReference; lastKnownFileType = sourcecode.c.objc; path = main.m; sourceTree = "<group>"; };
		76F79ACE1B787D1F00B5D5EF /* AppDelegate.h */ = {isa = PBXFileReference; lastKnownFileType = sourcecode.c.h; path = AppDelegate.h; sourceTree = "<group>"; };
		76F79ACF1B787D1F00B5D5EF /* AppDelegate.m */ = {isa = PBXFileReference; lastKnownFileType = sourcecode.c.objc; path = AppDelegate.m; sourceTree = "<group>"; };
		76F79AD71B787D1F00B5D5EF /* Images.xcassets */ = {isa = PBXFileReference; lastKnownFileType = folder.assetcatalog; path = Images.xcassets; sourceTree = "<group>"; };
		76F79ADA1B787D1F00B5D5EF /* Base */ = {isa = PBXFileReference; lastKnownFileType = file.xib; name = Base; path = Base.lproj/LaunchScreen.xib; sourceTree = "<group>"; };
		76F79AE01B787D1F00B5D5EF /* TENBoundsTests.xctest */ = {isa = PBXFileReference; explicitFileType = wrapper.cfbundle; includeInIndex = 0; path = TENBoundsTests.xctest; sourceTree = BUILT_PRODUCTS_DIR; };
		76F79AE51B787D1F00B5D5EF /* Info.plist */ = {isa = PBXFileReference; lastKnownFileType = text.plist.xml; path = Info.plist; sourceTree = "<group>"; };
		76F79AE61B787D1F00B5D5EF /* TENBoundsTests.m */ = {isa = PBXFileReference; lastKnownFileType = sourcecode.c.objc; path = TENBoundsTests.m; sourceTree = "<group>"; };
		76F79C511B787FD600B5D5EF /* UIViewController+TENExtensions.h */ = {isa = PBXFileReference; fileEncoding = 4; lastKnownFileType = sourcecode.c.h; path = "UIViewController+TENExtensions.h"; sourceTree = "<group>"; };
		76F79C521B787FD600B5D5EF /* UIViewController+TENExtensions.m */ = {isa = PBXFileReference; fileEncoding = 4; lastKnownFileType = sourcecode.c.objc; path = "UIViewController+TENExtensions.m"; sourceTree = "<group>"; };
		76F79C541B787FD600B5D5EF /* UIWindow+TENExtensions.h */ = {isa = PBXFileReference; fileEncoding = 4; lastKnownFileType = sourcecode.c.h; path = "UIWindow+TENExtensions.h"; sourceTree = "<group>"; };
		76F79C551B787FD600B5D5EF /* UIWindow+TENExtensions.m */ = {isa = PBXFileReference; fileEncoding = 4; lastKnownFileType = sourcecode.c.objc; path = "UIWindow+TENExtensions.m"; sourceTree = "<group>"; };
		76F79CE11B787FD600B5D5EF /* TENMacro.h */ = {isa = PBXFileReference; fileEncoding = 4; lastKnownFileType = sourcecode.c.h; path = TENMacro.h; sourceTree = "<group>"; };
		76F79CE21B787FD600B5D5EF /* TENMacro.m */ = {isa = PBXFileReference; fileEncoding = 4; lastKnownFileType = sourcecode.c.objc; path = TENMacro.m; sourceTree = "<group>"; };
		76F79D5E1B78815100B5D5EF /* TENBoundsViewController.h */ = {isa = PBXFileReference; fileEncoding = 4; lastKnownFileType = sourcecode.c.h; path = TENBoundsViewController.h; sourceTree = "<group>"; };
		76F79D5F1B78815100B5D5EF /* TENBoundsViewController.m */ = {isa = PBXFileReference; fileEncoding = 4; lastKnownFileType = sourcecode.c.objc; path = TENBoundsViewController.m; sourceTree = "<group>"; };
		76F79D601B78815100B5D5EF /* TENBoundsViewController.xib */ = {isa = PBXFileReference; fileEncoding = 4; lastKnownFileType = file.xib; path = TENBoundsViewController.xib; sourceTree = "<group>"; };
		76F79D641B788F6700B5D5EF /* TENPictureViewController.h */ = {isa = PBXFileReference; fileEncoding = 4; lastKnownFileType = sourcecode.c.h; path = TENPictureViewController.h; sourceTree = "<group>"; };
		76F79D651B788F6700B5D5EF /* TENPictureViewController.m */ = {isa = PBXFileReference; fileEncoding = 4; lastKnownFileType = sourcecode.c.objc; path = TENPictureViewController.m; sourceTree = "<group>"; };
		76F79D661B788F6700B5D5EF /* TENPictureViewController.xib */ = {isa = PBXFileReference; fileEncoding = 4; lastKnownFileType = file.xib; path = TENPictureViewController.xib; sourceTree = "<group>"; };
		76F79D691B78946F00B5D5EF /* map.jpg */ = {isa = PBXFileReference; lastKnownFileType = image.jpeg; path = map.jpg; sourceTree = "<group>"; };
		76F79D6C1B78CFFA00B5D5EF /* TENConstraintsViewController.h */ = {isa = PBXFileReference; fileEncoding = 4; lastKnownFileType = sourcecode.c.h; path = TENConstraintsViewController.h; sourceTree = "<group>"; };
		76F79D6D1B78CFFA00B5D5EF /* TENConstraintsViewController.m */ = {isa = PBXFileReference; fileEncoding = 4; lastKnownFileType = sourcecode.c.objc; path = TENConstraintsViewController.m; sourceTree = "<group>"; };
		76F79D6E1B78CFFA00B5D5EF /* TENConstraintsViewController.xib */ = {isa = PBXFileReference; fileEncoding = 4; lastKnownFileType = file.xib; path = TENConstraintsViewController.xib; sourceTree = "<group>"; };
/* End PBXFileReference section */

/* Begin PBXFrameworksBuildPhase section */
		76F79AC41B787D1F00B5D5EF /* Frameworks */ = {
			isa = PBXFrameworksBuildPhase;
			buildActionMask = 2147483647;
			files = (
			);
			runOnlyForDeploymentPostprocessing = 0;
		};
		76F79ADD1B787D1F00B5D5EF /* Frameworks */ = {
			isa = PBXFrameworksBuildPhase;
			buildActionMask = 2147483647;
			files = (
			);
			runOnlyForDeploymentPostprocessing = 0;
		};
/* End PBXFrameworksBuildPhase section */

/* Begin PBXGroup section */
		76F79ABE1B787D1F00B5D5EF = {
			isa = PBXGroup;
			children = (
				76F79AC91B787D1F00B5D5EF /* TENBounds */,
				76F79AE31B787D1F00B5D5EF /* TENBoundsTests */,
				76F79AC81B787D1F00B5D5EF /* Products */,
			);
			sourceTree = "<group>";
		};
		76F79AC81B787D1F00B5D5EF /* Products */ = {
			isa = PBXGroup;
			children = (
				76F79AC71B787D1F00B5D5EF /* TENBounds.app */,
				76F79AE01B787D1F00B5D5EF /* TENBoundsTests.xctest */,
			);
			name = Products;
			sourceTree = "<group>";
		};
		76F79AC91B787D1F00B5D5EF /* TENBounds */ = {
			isa = PBXGroup;
			children = (
				76F79C261B787FD600B5D5EF /* Source */,
				76F79ACE1B787D1F00B5D5EF /* AppDelegate.h */,
				76F79ACF1B787D1F00B5D5EF /* AppDelegate.m */,
				76F79AD71B787D1F00B5D5EF /* Images.xcassets */,
				76F79AD91B787D1F00B5D5EF /* LaunchScreen.xib */,
				76F79ACA1B787D1F00B5D5EF /* Supporting Files */,
			);
			path = TENBounds;
			sourceTree = "<group>";
		};
		76F79ACA1B787D1F00B5D5EF /* Supporting Files */ = {
			isa = PBXGroup;
			children = (
				76F79D691B78946F00B5D5EF /* map.jpg */,
				76F79ACB1B787D1F00B5D5EF /* Info.plist */,
				76F79ACC1B787D1F00B5D5EF /* main.m */,
			);
			name = "Supporting Files";
			sourceTree = "<group>";
		};
		76F79AE31B787D1F00B5D5EF /* TENBoundsTests */ = {
			isa = PBXGroup;
			children = (
				76F79AE61B787D1F00B5D5EF /* TENBoundsTests.m */,
				76F79AE41B787D1F00B5D5EF /* Supporting Files */,
			);
			path = TENBoundsTests;
			sourceTree = "<group>";
		};
		76F79AE41B787D1F00B5D5EF /* Supporting Files */ = {
			isa = PBXGroup;
			children = (
				76F79AE51B787D1F00B5D5EF /* Info.plist */,
			);
			name = "Supporting Files";
			sourceTree = "<group>";
		};
		76F79C261B787FD600B5D5EF /* Source */ = {
			isa = PBXGroup;
			children = (
				76F79C391B787FD600B5D5EF /* Library */,
				76F79CE31B787FD600B5D5EF /* Models */,
				76F79D5C1B78810D00B5D5EF /* UI */,
			);
			path = Source;
			sourceTree = "<group>";
		};
		76F79C391B787FD600B5D5EF /* Library */ = {
			isa = PBXGroup;
			children = (
				76F79C3A1B787FD600B5D5EF /* Categories */,
				76F79C561B787FD600B5D5EF /* Classes */,
				76F79CE11B787FD600B5D5EF /* TENMacro.h */,
				76F79CE21B787FD600B5D5EF /* TENMacro.m */,
			);
			path = Library;
			sourceTree = "<group>";
		};
		76F79C3A1B787FD600B5D5EF /* Categories */ = {
			isa = PBXGroup;
			children = (
				76F79C501B787FD600B5D5EF /* UIViewController+TENExtensions */,
				76F79C531B787FD600B5D5EF /* UIWindow+TENExtensions */,
			);
			path = Categories;
			sourceTree = "<group>";
		};
		76F79C501B787FD600B5D5EF /* UIViewController+TENExtensions */ = {
			isa = PBXGroup;
			children = (
				76F79C511B787FD600B5D5EF /* UIViewController+TENExtensions.h */,
				76F79C521B787FD600B5D5EF /* UIViewController+TENExtensions.m */,
			);
			path = "UIViewController+TENExtensions";
			sourceTree = "<group>";
		};
		76F79C531B787FD600B5D5EF /* UIWindow+TENExtensions */ = {
			isa = PBXGroup;
			children = (
				76F79C541B787FD600B5D5EF /* UIWindow+TENExtensions.h */,
				76F79C551B787FD600B5D5EF /* UIWindow+TENExtensions.m */,
			);
			path = "UIWindow+TENExtensions";
			sourceTree = "<group>";
		};
		76F79C561B787FD600B5D5EF /* Classes */ = {
			isa = PBXGroup;
			children = (
			);
			path = Classes;
			sourceTree = "<group>";
		};
		76F79CE31B787FD600B5D5EF /* Models */ = {
			isa = PBXGroup;
			children = (
			);
			path = Models;
			sourceTree = "<group>";
		};
		76F79D5C1B78810D00B5D5EF /* UI */ = {
			isa = PBXGroup;
			children = (
				76F79D6B1B78CFE900B5D5EF /* TENConstraintsViewController */,
				76F79D631B788F3800B5D5EF /* TENPictureViewController */,
				76F79D5D1B78813800B5D5EF /* TENBoundsViewController */,
			);
			path = UI;
			sourceTree = "<group>";
		};
		76F79D5D1B78813800B5D5EF /* TENBoundsViewController */ = {
			isa = PBXGroup;
			children = (
				76F79D5E1B78815100B5D5EF /* TENBoundsViewController.h */,
				76F79D5F1B78815100B5D5EF /* TENBoundsViewController.m */,
				76F79D601B78815100B5D5EF /* TENBoundsViewController.xib */,
			);
			path = TENBoundsViewController;
			sourceTree = "<group>";
		};
		76F79D631B788F3800B5D5EF /* TENPictureViewController */ = {
			isa = PBXGroup;
			children = (
				76F79D641B788F6700B5D5EF /* TENPictureViewController.h */,
				76F79D651B788F6700B5D5EF /* TENPictureViewController.m */,
				76F79D661B788F6700B5D5EF /* TENPictureViewController.xib */,
			);
			path = TENPictureViewController;
			sourceTree = "<group>";
		};
		76F79D6B1B78CFE900B5D5EF /* TENConstraintsViewController */ = {
			isa = PBXGroup;
			children = (
				76F79D6C1B78CFFA00B5D5EF /* TENConstraintsViewController.h */,
				76F79D6D1B78CFFA00B5D5EF /* TENConstraintsViewController.m */,
				76F79D6E1B78CFFA00B5D5EF /* TENConstraintsViewController.xib */,
			);
			path = TENConstraintsViewController;
			sourceTree = "<group>";
		};
/* End PBXGroup section */

/* Begin PBXNativeTarget section */
		76F79AC61B787D1F00B5D5EF /* TENBounds */ = {
			isa = PBXNativeTarget;
			buildConfigurationList = 76F79AEA1B787D1F00B5D5EF /* Build configuration list for PBXNativeTarget "TENBounds" */;
			buildPhases = (
				76F79AC31B787D1F00B5D5EF /* Sources */,
				76F79AC41B787D1F00B5D5EF /* Frameworks */,
				76F79AC51B787D1F00B5D5EF /* Resources */,
			);
			buildRules = (
			);
			dependencies = (
			);
			name = TENBounds;
			productName = TENBounds;
			productReference = 76F79AC71B787D1F00B5D5EF /* TENBounds.app */;
			productType = "com.apple.product-type.application";
		};
		76F79ADF1B787D1F00B5D5EF /* TENBoundsTests */ = {
			isa = PBXNativeTarget;
			buildConfigurationList = 76F79AED1B787D1F00B5D5EF /* Build configuration list for PBXNativeTarget "TENBoundsTests" */;
			buildPhases = (
				76F79ADC1B787D1F00B5D5EF /* Sources */,
				76F79ADD1B787D1F00B5D5EF /* Frameworks */,
				76F79ADE1B787D1F00B5D5EF /* Resources */,
			);
			buildRules = (
			);
			dependencies = (
				76F79AE21B787D1F00B5D5EF /* PBXTargetDependency */,
			);
			name = TENBoundsTests;
			productName = TENBoundsTests;
			productReference = 76F79AE01B787D1F00B5D5EF /* TENBoundsTests.xctest */;
			productType = "com.apple.product-type.bundle.unit-test";
		};
/* End PBXNativeTarget section */

/* Begin PBXProject section */
		76F79ABF1B787D1F00B5D5EF /* Project object */ = {
			isa = PBXProject;
			attributes = {
				LastUpgradeCheck = 0640;
				ORGANIZATIONNAME = 444ten;
				TargetAttributes = {
					76F79AC61B787D1F00B5D5EF = {
						CreatedOnToolsVersion = 6.4;
					};
					76F79ADF1B787D1F00B5D5EF = {
						CreatedOnToolsVersion = 6.4;
						TestTargetID = 76F79AC61B787D1F00B5D5EF;
					};
				};
			};
			buildConfigurationList = 76F79AC21B787D1F00B5D5EF /* Build configuration list for PBXProject "TENBounds" */;
			compatibilityVersion = "Xcode 3.2";
			developmentRegion = English;
			hasScannedForEncodings = 0;
			knownRegions = (
				en,
				Base,
			);
			mainGroup = 76F79ABE1B787D1F00B5D5EF;
			productRefGroup = 76F79AC81B787D1F00B5D5EF /* Products */;
			projectDirPath = "";
			projectRoot = "";
			targets = (
				76F79AC61B787D1F00B5D5EF /* TENBounds */,
				76F79ADF1B787D1F00B5D5EF /* TENBoundsTests */,
			);
		};
/* End PBXProject section */

/* Begin PBXResourcesBuildPhase section */
		76F79AC51B787D1F00B5D5EF /* Resources */ = {
			isa = PBXResourcesBuildPhase;
			buildActionMask = 2147483647;
			files = (
				76F79D621B78815100B5D5EF /* TENBoundsViewController.xib in Resources */,
				76F79ADB1B787D1F00B5D5EF /* LaunchScreen.xib in Resources */,
				76F79AD81B787D1F00B5D5EF /* Images.xcassets in Resources */,
				76F79D681B788F6700B5D5EF /* TENPictureViewController.xib in Resources */,
				76F79D701B78CFFA00B5D5EF /* TENConstraintsViewController.xib in Resources */,
				76F79D6A1B78946F00B5D5EF /* map.jpg in Resources */,
			);
			runOnlyForDeploymentPostprocessing = 0;
		};
		76F79ADE1B787D1F00B5D5EF /* Resources */ = {
			isa = PBXResourcesBuildPhase;
			buildActionMask = 2147483647;
			files = (
			);
			runOnlyForDeploymentPostprocessing = 0;
		};
/* End PBXResourcesBuildPhase section */

/* Begin PBXSourcesBuildPhase section */
		76F79AC31B787D1F00B5D5EF /* Sources */ = {
			isa = PBXSourcesBuildPhase;
			buildActionMask = 2147483647;
			files = (
				76F79AD01B787D1F00B5D5EF /* AppDelegate.m in Sources */,
				76F79D1A1B787FD600B5D5EF /* UIWindow+TENExtensions.m in Sources */,
				76F79D611B78815100B5D5EF /* TENBoundsViewController.m in Sources */,
				76F79D191B787FD600B5D5EF /* UIViewController+TENExtensions.m in Sources */,
				76F79D4A1B787FD600B5D5EF /* TENMacro.m in Sources */,
				76F79D671B788F6700B5D5EF /* TENPictureViewController.m in Sources */,
				76F79ACD1B787D1F00B5D5EF /* main.m in Sources */,
				76F79D6F1B78CFFA00B5D5EF /* TENConstraintsViewController.m in Sources */,
			);
			runOnlyForDeploymentPostprocessing = 0;
		};
		76F79ADC1B787D1F00B5D5EF /* Sources */ = {
			isa = PBXSourcesBuildPhase;
			buildActionMask = 2147483647;
			files = (
				76F79AE71B787D1F00B5D5EF /* TENBoundsTests.m in Sources */,
			);
			runOnlyForDeploymentPostprocessing = 0;
		};
/* End PBXSourcesBuildPhase section */

/* Begin PBXTargetDependency section */
		76F79AE21B787D1F00B5D5EF /* PBXTargetDependency */ = {
			isa = PBXTargetDependency;
			target = 76F79AC61B787D1F00B5D5EF /* TENBounds */;
			targetProxy = 76F79AE11B787D1F00B5D5EF /* PBXContainerItemProxy */;
		};
/* End PBXTargetDependency section */

/* Begin PBXVariantGroup section */
		76F79AD91B787D1F00B5D5EF /* LaunchScreen.xib */ = {
			isa = PBXVariantGroup;
			children = (
				76F79ADA1B787D1F00B5D5EF /* Base */,
			);
			name = LaunchScreen.xib;
			sourceTree = "<group>";
		};
/* End PBXVariantGroup section */

/* Begin XCBuildConfiguration section */
		76F79AE81B787D1F00B5D5EF /* Debug */ = {
			isa = XCBuildConfiguration;
			buildSettings = {
				ALWAYS_SEARCH_USER_PATHS = NO;
				CLANG_CXX_LANGUAGE_STANDARD = "gnu++0x";
				CLANG_CXX_LIBRARY = "libc++";
				CLANG_ENABLE_MODULES = YES;
				CLANG_ENABLE_OBJC_ARC = YES;
				CLANG_WARN_BOOL_CONVERSION = YES;
				CLANG_WARN_CONSTANT_CONVERSION = YES;
				CLANG_WARN_DIRECT_OBJC_ISA_USAGE = YES_ERROR;
				CLANG_WARN_EMPTY_BODY = YES;
				CLANG_WARN_ENUM_CONVERSION = YES;
				CLANG_WARN_INT_CONVERSION = YES;
				CLANG_WARN_OBJC_ROOT_CLASS = YES_ERROR;
				CLANG_WARN_UNREACHABLE_CODE = YES;
				CLANG_WARN__DUPLICATE_METHOD_MATCH = YES;
				"CODE_SIGN_IDENTITY[sdk=iphoneos*]" = "iPhone Developer";
				COPY_PHASE_STRIP = NO;
				DEBUG_INFORMATION_FORMAT = "dwarf-with-dsym";
				ENABLE_STRICT_OBJC_MSGSEND = YES;
				GCC_C_LANGUAGE_STANDARD = gnu99;
				GCC_DYNAMIC_NO_PIC = NO;
				GCC_NO_COMMON_BLOCKS = YES;
				GCC_OPTIMIZATION_LEVEL = 0;
				GCC_PREPROCESSOR_DEFINITIONS = (
					"DEBUG=1",
					"$(inherited)",
				);
				GCC_SYMBOLS_PRIVATE_EXTERN = NO;
				GCC_WARN_64_TO_32_BIT_CONVERSION = YES;
				GCC_WARN_ABOUT_RETURN_TYPE = YES_ERROR;
				GCC_WARN_UNDECLARED_SELECTOR = YES;
				GCC_WARN_UNINITIALIZED_AUTOS = YES_AGGRESSIVE;
				GCC_WARN_UNUSED_FUNCTION = YES;
				GCC_WARN_UNUSED_VARIABLE = YES;
				IPHONEOS_DEPLOYMENT_TARGET = 8.4;
				MTL_ENABLE_DEBUG_INFO = YES;
				ONLY_ACTIVE_ARCH = YES;
				SDKROOT = iphoneos;
				TARGETED_DEVICE_FAMILY = "1,2";
			};
			name = Debug;
		};
		76F79AE91B787D1F00B5D5EF /* Release */ = {
			isa = XCBuildConfiguration;
			buildSettings = {
				ALWAYS_SEARCH_USER_PATHS = NO;
				CLANG_CXX_LANGUAGE_STANDARD = "gnu++0x";
				CLANG_CXX_LIBRARY = "libc++";
				CLANG_ENABLE_MODULES = YES;
				CLANG_ENABLE_OBJC_ARC = YES;
				CLANG_WARN_BOOL_CONVERSION = YES;
				CLANG_WARN_CONSTANT_CONVERSION = YES;
				CLANG_WARN_DIRECT_OBJC_ISA_USAGE = YES_ERROR;
				CLANG_WARN_EMPTY_BODY = YES;
				CLANG_WARN_ENUM_CONVERSION = YES;
				CLANG_WARN_INT_CONVERSION = YES;
				CLANG_WARN_OBJC_ROOT_CLASS = YES_ERROR;
				CLANG_WARN_UNREACHABLE_CODE = YES;
				CLANG_WARN__DUPLICATE_METHOD_MATCH = YES;
				"CODE_SIGN_IDENTITY[sdk=iphoneos*]" = "iPhone Developer";
				COPY_PHASE_STRIP = NO;
				DEBUG_INFORMATION_FORMAT = "dwarf-with-dsym";
				ENABLE_NS_ASSERTIONS = NO;
				ENABLE_STRICT_OBJC_MSGSEND = YES;
				GCC_C_LANGUAGE_STANDARD = gnu99;
				GCC_NO_COMMON_BLOCKS = YES;
				GCC_WARN_64_TO_32_BIT_CONVERSION = YES;
				GCC_WARN_ABOUT_RETURN_TYPE = YES_ERROR;
				GCC_WARN_UNDECLARED_SELECTOR = YES;
				GCC_WARN_UNINITIALIZED_AUTOS = YES_AGGRESSIVE;
				GCC_WARN_UNUSED_FUNCTION = YES;
				GCC_WARN_UNUSED_VARIABLE = YES;
				IPHONEOS_DEPLOYMENT_TARGET = 8.4;
				MTL_ENABLE_DEBUG_INFO = NO;
				SDKROOT = iphoneos;
				TARGETED_DEVICE_FAMILY = "1,2";
				VALIDATE_PRODUCT = YES;
			};
			name = Release;
		};
		76F79AEB1B787D1F00B5D5EF /* Debug */ = {
			isa = XCBuildConfiguration;
			buildSettings = {
				ASSETCATALOG_COMPILER_APPICON_NAME = AppIcon;
				INFOPLIST_FILE = TENBounds/Info.plist;
				LD_RUNPATH_SEARCH_PATHS = "$(inherited) @executable_path/Frameworks";
				PRODUCT_NAME = "$(TARGET_NAME)";
			};
			name = Debug;
		};
		76F79AEC1B787D1F00B5D5EF /* Release */ = {
			isa = XCBuildConfiguration;
			buildSettings = {
				ASSETCATALOG_COMPILER_APPICON_NAME = AppIcon;
				INFOPLIST_FILE = TENBounds/Info.plist;
				LD_RUNPATH_SEARCH_PATHS = "$(inherited) @executable_path/Frameworks";
				PRODUCT_NAME = "$(TARGET_NAME)";
			};
			name = Release;
		};
		76F79AEE1B787D1F00B5D5EF /* Debug */ = {
			isa = XCBuildConfiguration;
			buildSettings = {
				BUNDLE_LOADER = "$(TEST_HOST)";
				FRAMEWORK_SEARCH_PATHS = (
					"$(SDKROOT)/Developer/Library/Frameworks",
					"$(inherited)",
				);
				GCC_PREPROCESSOR_DEFINITIONS = (
					"DEBUG=1",
					"$(inherited)",
				);
				INFOPLIST_FILE = TENBoundsTests/Info.plist;
				LD_RUNPATH_SEARCH_PATHS = "$(inherited) @executable_path/Frameworks @loader_path/Frameworks";
				PRODUCT_NAME = "$(TARGET_NAME)";
				TEST_HOST = "$(BUILT_PRODUCTS_DIR)/TENBounds.app/TENBounds";
			};
			name = Debug;
		};
		76F79AEF1B787D1F00B5D5EF /* Release */ = {
			isa = XCBuildConfiguration;
			buildSettings = {
				BUNDLE_LOADER = "$(TEST_HOST)";
				FRAMEWORK_SEARCH_PATHS = (
					"$(SDKROOT)/Developer/Library/Frameworks",
					"$(inherited)",
				);
				INFOPLIST_FILE = TENBoundsTests/Info.plist;
				LD_RUNPATH_SEARCH_PATHS = "$(inherited) @executable_path/Frameworks @loader_path/Frameworks";
				PRODUCT_NAME = "$(TARGET_NAME)";
				TEST_HOST = "$(BUILT_PRODUCTS_DIR)/TENBounds.app/TENBounds";
			};
			name = Release;
		};
/* End XCBuildConfiguration section */

/* Begin XCConfigurationList section */
		76F79AC21B787D1F00B5D5EF /* Build configuration list for PBXProject "TENBounds" */ = {
			isa = XCConfigurationList;
			buildConfigurations = (
				76F79AE81B787D1F00B5D5EF /* Debug */,
				76F79AE91B787D1F00B5D5EF /* Release */,
			);
			defaultConfigurationIsVisible = 0;
			defaultConfigurationName = Release;
		};
		76F79AEA1B787D1F00B5D5EF /* Build configuration list for PBXNativeTarget "TENBounds" */ = {
			isa = XCConfigurationList;
			buildConfigurations = (
				76F79AEB1B787D1F00B5D5EF /* Debug */,
				76F79AEC1B787D1F00B5D5EF /* Release */,
			);
			defaultConfigurationIsVisible = 0;
		};
		76F79AED1B787D1F00B5D5EF /* Build configuration list for PBXNativeTarget "TENBoundsTests" */ = {
			isa = XCConfigurationList;
			buildConfigurations = (
				76F79AEE1B787D1F00B5D5EF /* Debug */,
				76F79AEF1B787D1F00B5D5EF /* Release */,
			);
			defaultConfigurationIsVisible = 0;
		};
/* End XCConfigurationList section */
	};
	rootObject = 76F79ABF1B787D1F00B5D5EF /* Project object */;
}
